// !$*UTF8*$!
{
	archiveVersion = 1;
	classes = {
	};
	objectVersion = 50;
	objects = {

/* Begin PBXBuildFile section */
		6B7A9CC8234677AE0025419B /* AppDelegate.swift in Sources */ = {isa = PBXBuildFile; fileRef = 6B7A9CC7234677AE0025419B /* AppDelegate.swift */; };
		6B7A9CCA234677AE0025419B /* SceneDelegate.swift in Sources */ = {isa = PBXBuildFile; fileRef = 6B7A9CC9234677AE0025419B /* SceneDelegate.swift */; };
		6B7A9CCC234677AE0025419B /* ViewController.swift in Sources */ = {isa = PBXBuildFile; fileRef = 6B7A9CCB234677AE0025419B /* ViewController.swift */; };
		6B7A9CCF234677AE0025419B /* Main.storyboard in Resources */ = {isa = PBXBuildFile; fileRef = 6B7A9CCD234677AE0025419B /* Main.storyboard */; };
		6B7A9CD4234677AF0025419B /* Assets.xcassets in Resources */ = {isa = PBXBuildFile; fileRef = 6B7A9CD3234677AF0025419B /* Assets.xcassets */; };
		6B7A9CD7234677AF0025419B /* LaunchScreen.storyboard in Resources */ = {isa = PBXBuildFile; fileRef = 6B7A9CD5234677AF0025419B /* LaunchScreen.storyboard */; };
		6B7A9CE2234677B00025419B /* CoreDataSampleTests.swift in Sources */ = {isa = PBXBuildFile; fileRef = 6B7A9CE1234677B00025419B /* CoreDataSampleTests.swift */; };
		6B7A9CED234677B00025419B /* CoreDataSampleUITests.swift in Sources */ = {isa = PBXBuildFile; fileRef = 6B7A9CEC234677B00025419B /* CoreDataSampleUITests.swift */; };
		6B7A9CFC2346782A0025419B /* Todo+CoreDataClass.swift in Sources */ = {isa = PBXBuildFile; fileRef = 6B7A9CFA2346782A0025419B /* Todo+CoreDataClass.swift */; };
		6B7A9CFD2346782A0025419B /* Todo+CoreDataProperties.swift in Sources */ = {isa = PBXBuildFile; fileRef = 6B7A9CFB2346782A0025419B /* Todo+CoreDataProperties.swift */; };
		6B7A9D00234680EB0025419B /* CoreDataSample.xcdatamodeld in Sources */ = {isa = PBXBuildFile; fileRef = 6B7A9CD0234677AE0025419B /* CoreDataSample.xcdatamodeld */; };
		6B7A9D02234682980025419B /* AddTodoViewController.swift in Sources */ = {isa = PBXBuildFile; fileRef = 6B7A9D01234682980025419B /* AddTodoViewController.swift */; };
/* End PBXBuildFile section */

/* Begin PBXContainerItemProxy section */
		6B7A9CDE234677B00025419B /* PBXContainerItemProxy */ = {
			isa = PBXContainerItemProxy;
			containerPortal = 6B7A9CBC234677AE0025419B /* Project object */;
			proxyType = 1;
			remoteGlobalIDString = 6B7A9CC3234677AE0025419B;
			remoteInfo = CoreDataSample;
		};
		6B7A9CE9234677B00025419B /* PBXContainerItemProxy */ = {
			isa = PBXContainerItemProxy;
			containerPortal = 6B7A9CBC234677AE0025419B /* Project object */;
			proxyType = 1;
			remoteGlobalIDString = 6B7A9CC3234677AE0025419B;
			remoteInfo = CoreDataSample;
		};
/* End PBXContainerItemProxy section */

/* Begin PBXFileReference section */
		6B7A9CC4234677AE0025419B /* CoreDataSample.app */ = {isa = PBXFileReference; explicitFileType = wrapper.application; includeInIndex = 0; path = CoreDataSample.app; sourceTree = BUILT_PRODUCTS_DIR; };
		6B7A9CC7234677AE0025419B /* AppDelegate.swift */ = {isa = PBXFileReference; lastKnownFileType = sourcecode.swift; path = AppDelegate.swift; sourceTree = "<group>"; };
		6B7A9CC9234677AE0025419B /* SceneDelegate.swift */ = {isa = PBXFileReference; lastKnownFileType = sourcecode.swift; path = SceneDelegate.swift; sourceTree = "<group>"; };
		6B7A9CCB234677AE0025419B /* ViewController.swift */ = {isa = PBXFileReference; lastKnownFileType = sourcecode.swift; path = ViewController.swift; sourceTree = "<group>"; };
		6B7A9CCE234677AE0025419B /* Base */ = {isa = PBXFileReference; lastKnownFileType = file.storyboard; name = Base; path = Base.lproj/Main.storyboard; sourceTree = "<group>"; };
		6B7A9CD1234677AE0025419B /* CoreDataSample.xcdatamodel */ = {isa = PBXFileReference; lastKnownFileType = wrapper.xcdatamodel; path = CoreDataSample.xcdatamodel; sourceTree = "<group>"; };
		6B7A9CD3234677AF0025419B /* Assets.xcassets */ = {isa = PBXFileReference; lastKnownFileType = folder.assetcatalog; path = Assets.xcassets; sourceTree = "<group>"; };
		6B7A9CD6234677AF0025419B /* Base */ = {isa = PBXFileReference; lastKnownFileType = file.storyboard; name = Base; path = Base.lproj/LaunchScreen.storyboard; sourceTree = "<group>"; };
		6B7A9CD8234677AF0025419B /* Info.plist */ = {isa = PBXFileReference; lastKnownFileType = text.plist.xml; path = Info.plist; sourceTree = "<group>"; };
		6B7A9CDD234677B00025419B /* CoreDataSampleTests.xctest */ = {isa = PBXFileReference; explicitFileType = wrapper.cfbundle; includeInIndex = 0; path = CoreDataSampleTests.xctest; sourceTree = BUILT_PRODUCTS_DIR; };
		6B7A9CE1234677B00025419B /* CoreDataSampleTests.swift */ = {isa = PBXFileReference; lastKnownFileType = sourcecode.swift; path = CoreDataSampleTests.swift; sourceTree = "<group>"; };
		6B7A9CE3234677B00025419B /* Info.plist */ = {isa = PBXFileReference; lastKnownFileType = text.plist.xml; path = Info.plist; sourceTree = "<group>"; };
		6B7A9CE8234677B00025419B /* CoreDataSampleUITests.xctest */ = {isa = PBXFileReference; explicitFileType = wrapper.cfbundle; includeInIndex = 0; path = CoreDataSampleUITests.xctest; sourceTree = BUILT_PRODUCTS_DIR; };
		6B7A9CEC234677B00025419B /* CoreDataSampleUITests.swift */ = {isa = PBXFileReference; lastKnownFileType = sourcecode.swift; path = CoreDataSampleUITests.swift; sourceTree = "<group>"; };
		6B7A9CEE234677B00025419B /* Info.plist */ = {isa = PBXFileReference; lastKnownFileType = text.plist.xml; path = Info.plist; sourceTree = "<group>"; };
		6B7A9CFA2346782A0025419B /* Todo+CoreDataClass.swift */ = {isa = PBXFileReference; lastKnownFileType = sourcecode.swift; path = "Todo+CoreDataClass.swift"; sourceTree = "<group>"; };
		6B7A9CFB2346782A0025419B /* Todo+CoreDataProperties.swift */ = {isa = PBXFileReference; lastKnownFileType = sourcecode.swift; path = "Todo+CoreDataProperties.swift"; sourceTree = "<group>"; };
		6B7A9D01234682980025419B /* AddTodoViewController.swift */ = {isa = PBXFileReference; lastKnownFileType = sourcecode.swift; path = AddTodoViewController.swift; sourceTree = "<group>"; };
/* End PBXFileReference section */

/* Begin PBXFrameworksBuildPhase section */
		6B7A9CC1234677AE0025419B /* Frameworks */ = {
			isa = PBXFrameworksBuildPhase;
			buildActionMask = 2147483647;
			files = (
			);
			runOnlyForDeploymentPostprocessing = 0;
		};
		6B7A9CDA234677B00025419B /* Frameworks */ = {
			isa = PBXFrameworksBuildPhase;
			buildActionMask = 2147483647;
			files = (
			);
			runOnlyForDeploymentPostprocessing = 0;
		};
		6B7A9CE5234677B00025419B /* Frameworks */ = {
			isa = PBXFrameworksBuildPhase;
			buildActionMask = 2147483647;
			files = (
			);
			runOnlyForDeploymentPostprocessing = 0;
		};
/* End PBXFrameworksBuildPhase section */

/* Begin PBXGroup section */
		6B7A9CBB234677AE0025419B = {
			isa = PBXGroup;
			children = (
				6B7A9CC6234677AE0025419B /* CoreDataSample */,
				6B7A9CE0234677B00025419B /* CoreDataSampleTests */,
				6B7A9CEB234677B00025419B /* CoreDataSampleUITests */,
				6B7A9CC5234677AE0025419B /* Products */,
			);
			sourceTree = "<group>";
		};
		6B7A9CC5234677AE0025419B /* Products */ = {
			isa = PBXGroup;
			children = (
				6B7A9CC4234677AE0025419B /* CoreDataSample.app */,
				6B7A9CDD234677B00025419B /* CoreDataSampleTests.xctest */,
				6B7A9CE8234677B00025419B /* CoreDataSampleUITests.xctest */,
			);
			name = Products;
			sourceTree = "<group>";
		};
		6B7A9CC6234677AE0025419B /* CoreDataSample */ = {
			isa = PBXGroup;
			children = (
				6B7A9CFE234678360025419B /* ModelFiles */,
				6B7A9CC7234677AE0025419B /* AppDelegate.swift */,
				6B7A9CC9234677AE0025419B /* SceneDelegate.swift */,
				6B7A9CFF234678BD0025419B /* UI */,
				6B7A9CD3234677AF0025419B /* Assets.xcassets */,
				6B7A9CD5234677AF0025419B /* LaunchScreen.storyboard */,
				6B7A9CD8234677AF0025419B /* Info.plist */,
			);
			path = CoreDataSample;
			sourceTree = "<group>";
		};
		6B7A9CE0234677B00025419B /* CoreDataSampleTests */ = {
			isa = PBXGroup;
			children = (
				6B7A9CE1234677B00025419B /* CoreDataSampleTests.swift */,
				6B7A9CE3234677B00025419B /* Info.plist */,
			);
			path = CoreDataSampleTests;
			sourceTree = "<group>";
		};
		6B7A9CEB234677B00025419B /* CoreDataSampleUITests */ = {
			isa = PBXGroup;
			children = (
				6B7A9CEC234677B00025419B /* CoreDataSampleUITests.swift */,
				6B7A9CEE234677B00025419B /* Info.plist */,
			);
			path = CoreDataSampleUITests;
			sourceTree = "<group>";
		};
		6B7A9CFE234678360025419B /* ModelFiles */ = {
			isa = PBXGroup;
			children = (
				6B7A9CD0234677AE0025419B /* CoreDataSample.xcdatamodeld */,
				6B7A9CFA2346782A0025419B /* Todo+CoreDataClass.swift */,
				6B7A9CFB2346782A0025419B /* Todo+CoreDataProperties.swift */,
			);
			path = ModelFiles;
			sourceTree = "<group>";
		};
		6B7A9CFF234678BD0025419B /* UI */ = {
			isa = PBXGroup;
			children = (
				6B7A9CCB234677AE0025419B /* ViewController.swift */,
				6B7A9CCD234677AE0025419B /* Main.storyboard */,
				6B7A9D01234682980025419B /* AddTodoViewController.swift */,
			);
			path = UI;
			sourceTree = "<group>";
		};
/* End PBXGroup section */

/* Begin PBXNativeTarget section */
		6B7A9CC3234677AE0025419B /* CoreDataSample */ = {
			isa = PBXNativeTarget;
			buildConfigurationList = 6B7A9CF1234677B00025419B /* Build configuration list for PBXNativeTarget "CoreDataSample" */;
			buildPhases = (
				6B7A9CC0234677AE0025419B /* Sources */,
				6B7A9CC1234677AE0025419B /* Frameworks */,
				6B7A9CC2234677AE0025419B /* Resources */,
			);
			buildRules = (
			);
			dependencies = (
			);
			name = CoreDataSample;
			productName = CoreDataSample;
			productReference = 6B7A9CC4234677AE0025419B /* CoreDataSample.app */;
			productType = "com.apple.product-type.application";
		};
		6B7A9CDC234677B00025419B /* CoreDataSampleTests */ = {
			isa = PBXNativeTarget;
			buildConfigurationList = 6B7A9CF4234677B00025419B /* Build configuration list for PBXNativeTarget "CoreDataSampleTests" */;
			buildPhases = (
				6B7A9CD9234677B00025419B /* Sources */,
				6B7A9CDA234677B00025419B /* Frameworks */,
				6B7A9CDB234677B00025419B /* Resources */,
			);
			buildRules = (
			);
			dependencies = (
				6B7A9CDF234677B00025419B /* PBXTargetDependency */,
			);
			name = CoreDataSampleTests;
			productName = CoreDataSampleTests;
			productReference = 6B7A9CDD234677B00025419B /* CoreDataSampleTests.xctest */;
			productType = "com.apple.product-type.bundle.unit-test";
		};
		6B7A9CE7234677B00025419B /* CoreDataSampleUITests */ = {
			isa = PBXNativeTarget;
			buildConfigurationList = 6B7A9CF7234677B00025419B /* Build configuration list for PBXNativeTarget "CoreDataSampleUITests" */;
			buildPhases = (
				6B7A9CE4234677B00025419B /* Sources */,
				6B7A9CE5234677B00025419B /* Frameworks */,
				6B7A9CE6234677B00025419B /* Resources */,
			);
			buildRules = (
			);
			dependencies = (
				6B7A9CEA234677B00025419B /* PBXTargetDependency */,
			);
			name = CoreDataSampleUITests;
			productName = CoreDataSampleUITests;
			productReference = 6B7A9CE8234677B00025419B /* CoreDataSampleUITests.xctest */;
			productType = "com.apple.product-type.bundle.ui-testing";
		};
/* End PBXNativeTarget section */

/* Begin PBXProject section */
		6B7A9CBC234677AE0025419B /* Project object */ = {
			isa = PBXProject;
			attributes = {
				LastSwiftUpdateCheck = 1100;
				LastUpgradeCheck = 1100;
				ORGANIZATIONNAME = "Pragathi Kallu";
				TargetAttributes = {
					6B7A9CC3234677AE0025419B = {
						CreatedOnToolsVersion = 11.0;
					};
					6B7A9CDC234677B00025419B = {
						CreatedOnToolsVersion = 11.0;
						TestTargetID = 6B7A9CC3234677AE0025419B;
					};
					6B7A9CE7234677B00025419B = {
						CreatedOnToolsVersion = 11.0;
						TestTargetID = 6B7A9CC3234677AE0025419B;
					};
				};
			};
			buildConfigurationList = 6B7A9CBF234677AE0025419B /* Build configuration list for PBXProject "CoreDataSample" */;
			compatibilityVersion = "Xcode 9.3";
			developmentRegion = en;
			hasScannedForEncodings = 0;
			knownRegions = (
				en,
				Base,
			);
			mainGroup = 6B7A9CBB234677AE0025419B;
			productRefGroup = 6B7A9CC5234677AE0025419B /* Products */;
			projectDirPath = "";
			projectRoot = "";
			targets = (
				6B7A9CC3234677AE0025419B /* CoreDataSample */,
				6B7A9CDC234677B00025419B /* CoreDataSampleTests */,
				6B7A9CE7234677B00025419B /* CoreDataSampleUITests */,
			);
		};
/* End PBXProject section */

/* Begin PBXResourcesBuildPhase section */
		6B7A9CC2234677AE0025419B /* Resources */ = {
			isa = PBXResourcesBuildPhase;
			buildActionMask = 2147483647;
			files = (
				6B7A9CD7234677AF0025419B /* LaunchScreen.storyboard in Resources */,
				6B7A9CD4234677AF0025419B /* Assets.xcassets in Resources */,
				6B7A9CCF234677AE0025419B /* Main.storyboard in Resources */,
			);
			runOnlyForDeploymentPostprocessing = 0;
		};
		6B7A9CDB234677B00025419B /* Resources */ = {
			isa = PBXResourcesBuildPhase;
			buildActionMask = 2147483647;
			files = (
			);
			runOnlyForDeploymentPostprocessing = 0;
		};
		6B7A9CE6234677B00025419B /* Resources */ = {
			isa = PBXResourcesBuildPhase;
			buildActionMask = 2147483647;
			files = (
			);
			runOnlyForDeploymentPostprocessing = 0;
		};
/* End PBXResourcesBuildPhase section */

/* Begin PBXSourcesBuildPhase section */
		6B7A9CC0234677AE0025419B /* Sources */ = {
			isa = PBXSourcesBuildPhase;
			buildActionMask = 2147483647;
			files = (
				6B7A9D00234680EB0025419B /* CoreDataSample.xcdatamodeld in Sources */,
				6B7A9D02234682980025419B /* AddTodoViewController.swift in Sources */,
				6B7A9CCC234677AE0025419B /* ViewController.swift in Sources */,
				6B7A9CC8234677AE0025419B /* AppDelegate.swift in Sources */,
				6B7A9CFC2346782A0025419B /* Todo+CoreDataClass.swift in Sources */,
				6B7A9CCA234677AE0025419B /* SceneDelegate.swift in Sources */,
				6B7A9CFD2346782A0025419B /* Todo+CoreDataProperties.swift in Sources */,
			);
			runOnlyForDeploymentPostprocessing = 0;
		};
		6B7A9CD9234677B00025419B /* Sources */ = {
			isa = PBXSourcesBuildPhase;
			buildActionMask = 2147483647;
			files = (
				6B7A9CE2234677B00025419B /* CoreDataSampleTests.swift in Sources */,
			);
			runOnlyForDeploymentPostprocessing = 0;
		};
		6B7A9CE4234677B00025419B /* Sources */ = {
			isa = PBXSourcesBuildPhase;
			buildActionMask = 2147483647;
			files = (
				6B7A9CED234677B00025419B /* CoreDataSampleUITests.swift in Sources */,
			);
			runOnlyForDeploymentPostprocessing = 0;
		};
/* End PBXSourcesBuildPhase section */

/* Begin PBXTargetDependency section */
		6B7A9CDF234677B00025419B /* PBXTargetDependency */ = {
			isa = PBXTargetDependency;
			target = 6B7A9CC3234677AE0025419B /* CoreDataSample */;
			targetProxy = 6B7A9CDE234677B00025419B /* PBXContainerItemProxy */;
		};
		6B7A9CEA234677B00025419B /* PBXTargetDependency */ = {
			isa = PBXTargetDependency;
			target = 6B7A9CC3234677AE0025419B /* CoreDataSample */;
			targetProxy = 6B7A9CE9234677B00025419B /* PBXContainerItemProxy */;
		};
/* End PBXTargetDependency section */

/* Begin PBXVariantGroup section */
		6B7A9CCD234677AE0025419B /* Main.storyboard */ = {
			isa = PBXVariantGroup;
			children = (
				6B7A9CCE234677AE0025419B /* Base */,
			);
			name = Main.storyboard;
			sourceTree = "<group>";
		};
		6B7A9CD5234677AF0025419B /* LaunchScreen.storyboard */ = {
			isa = PBXVariantGroup;
			children = (
				6B7A9CD6234677AF0025419B /* Base */,
			);
			name = LaunchScreen.storyboard;
			sourceTree = "<group>";
		};
/* End PBXVariantGroup section */

/* Begin XCBuildConfiguration section */
		6B7A9CEF234677B00025419B /* Debug */ = {
			isa = XCBuildConfiguration;
			buildSettings = {
				ALWAYS_SEARCH_USER_PATHS = NO;
				CLANG_ANALYZER_NONNULL = YES;
				CLANG_ANALYZER_NUMBER_OBJECT_CONVERSION = YES_AGGRESSIVE;
				CLANG_CXX_LANGUAGE_STANDARD = "gnu++14";
				CLANG_CXX_LIBRARY = "libc++";
				CLANG_ENABLE_MODULES = YES;
				CLANG_ENABLE_OBJC_ARC = YES;
				CLANG_ENABLE_OBJC_WEAK = YES;
				CLANG_WARN_BLOCK_CAPTURE_AUTORELEASING = YES;
				CLANG_WARN_BOOL_CONVERSION = YES;
				CLANG_WARN_COMMA = YES;
				CLANG_WARN_CONSTANT_CONVERSION = YES;
				CLANG_WARN_DEPRECATED_OBJC_IMPLEMENTATIONS = YES;
				CLANG_WARN_DIRECT_OBJC_ISA_USAGE = YES_ERROR;
				CLANG_WARN_DOCUMENTATION_COMMENTS = YES;
				CLANG_WARN_EMPTY_BODY = YES;
				CLANG_WARN_ENUM_CONVERSION = YES;
				CLANG_WARN_INFINITE_RECURSION = YES;
				CLANG_WARN_INT_CONVERSION = YES;
				CLANG_WARN_NON_LITERAL_NULL_CONVERSION = YES;
				CLANG_WARN_OBJC_IMPLICIT_RETAIN_SELF = YES;
				CLANG_WARN_OBJC_LITERAL_CONVERSION = YES;
				CLANG_WARN_OBJC_ROOT_CLASS = YES_ERROR;
				CLANG_WARN_RANGE_LOOP_ANALYSIS = YES;
				CLANG_WARN_STRICT_PROTOTYPES = YES;
				CLANG_WARN_SUSPICIOUS_MOVE = YES;
				CLANG_WARN_UNGUARDED_AVAILABILITY = YES_AGGRESSIVE;
				CLANG_WARN_UNREACHABLE_CODE = YES;
				CLANG_WARN__DUPLICATE_METHOD_MATCH = YES;
				COPY_PHASE_STRIP = NO;
				DEBUG_INFORMATION_FORMAT = dwarf;
				ENABLE_STRICT_OBJC_MSGSEND = YES;
				ENABLE_TESTABILITY = YES;
				GCC_C_LANGUAGE_STANDARD = gnu11;
				GCC_DYNAMIC_NO_PIC = NO;
				GCC_NO_COMMON_BLOCKS = YES;
				GCC_OPTIMIZATION_LEVEL = 0;
				GCC_PREPROCESSOR_DEFINITIONS = (
					"DEBUG=1",
					"$(inherited)",
				);
				GCC_WARN_64_TO_32_BIT_CONVERSION = YES;
				GCC_WARN_ABOUT_RETURN_TYPE = YES_ERROR;
				GCC_WARN_UNDECLARED_SELECTOR = YES;
				GCC_WARN_UNINITIALIZED_AUTOS = YES_AGGRESSIVE;
				GCC_WARN_UNUSED_FUNCTION = YES;
				GCC_WARN_UNUSED_VARIABLE = YES;
				IPHONEOS_DEPLOYMENT_TARGET = 13.0;
				MTL_ENABLE_DEBUG_INFO = INCLUDE_SOURCE;
				MTL_FAST_MATH = YES;
				ONLY_ACTIVE_ARCH = YES;
				SDKROOT = iphoneos;
				SWIFT_ACTIVE_COMPILATION_CONDITIONS = DEBUG;
				SWIFT_OPTIMIZATION_LEVEL = "-Onone";
			};
			name = Debug;
		};
		6B7A9CF0234677B00025419B /* Release */ = {
			isa = XCBuildConfiguration;
			buildSettings = {
				ALWAYS_SEARCH_USER_PATHS = NO;
				CLANG_ANALYZER_NONNULL = YES;
				CLANG_ANALYZER_NUMBER_OBJECT_CONVERSION = YES_AGGRESSIVE;
				CLANG_CXX_LANGUAGE_STANDARD = "gnu++14";
				CLANG_CXX_LIBRARY = "libc++";
				CLANG_ENABLE_MODULES = YES;
				CLANG_ENABLE_OBJC_ARC = YES;
				CLANG_ENABLE_OBJC_WEAK = YES;
				CLANG_WARN_BLOCK_CAPTURE_AUTORELEASING = YES;
				CLANG_WARN_BOOL_CONVERSION = YES;
				CLANG_WARN_COMMA = YES;
				CLANG_WARN_CONSTANT_CONVERSION = YES;
				CLANG_WARN_DEPRECATED_OBJC_IMPLEMENTATIONS = YES;
				CLANG_WARN_DIRECT_OBJC_ISA_USAGE = YES_ERROR;
				CLANG_WARN_DOCUMENTATION_COMMENTS = YES;
				CLANG_WARN_EMPTY_BODY = YES;
				CLANG_WARN_ENUM_CONVERSION = YES;
				CLANG_WARN_INFINITE_RECURSION = YES;
				CLANG_WARN_INT_CONVERSION = YES;
				CLANG_WARN_NON_LITERAL_NULL_CONVERSION = YES;
				CLANG_WARN_OBJC_IMPLICIT_RETAIN_SELF = YES;
				CLANG_WARN_OBJC_LITERAL_CONVERSION = YES;
				CLANG_WARN_OBJC_ROOT_CLASS = YES_ERROR;
				CLANG_WARN_RANGE_LOOP_ANALYSIS = YES;
				CLANG_WARN_STRICT_PROTOTYPES = YES;
				CLANG_WARN_SUSPICIOUS_MOVE = YES;
				CLANG_WARN_UNGUARDED_AVAILABILITY = YES_AGGRESSIVE;
				CLANG_WARN_UNREACHABLE_CODE = YES;
				CLANG_WARN__DUPLICATE_METHOD_MATCH = YES;
				COPY_PHASE_STRIP = NO;
				DEBUG_INFORMATION_FORMAT = "dwarf-with-dsym";
				ENABLE_NS_ASSERTIONS = NO;
				ENABLE_STRICT_OBJC_MSGSEND = YES;
				GCC_C_LANGUAGE_STANDARD = gnu11;
				GCC_NO_COMMON_BLOCKS = YES;
				GCC_WARN_64_TO_32_BIT_CONVERSION = YES;
				GCC_WARN_ABOUT_RETURN_TYPE = YES_ERROR;
				GCC_WARN_UNDECLARED_SELECTOR = YES;
				GCC_WARN_UNINITIALIZED_AUTOS = YES_AGGRESSIVE;
				GCC_WARN_UNUSED_FUNCTION = YES;
				GCC_WARN_UNUSED_VARIABLE = YES;
				IPHONEOS_DEPLOYMENT_TARGET = 13.0;
				MTL_ENABLE_DEBUG_INFO = NO;
				MTL_FAST_MATH = YES;
				SDKROOT = iphoneos;
				SWIFT_COMPILATION_MODE = wholemodule;
				SWIFT_OPTIMIZATION_LEVEL = "-O";
				VALIDATE_PRODUCT = YES;
			};
			name = Release;
		};
		6B7A9CF2234677B00025419B /* Debug */ = {
			isa = XCBuildConfiguration;
			buildSettings = {
				ASSETCATALOG_COMPILER_APPICON_NAME = AppIcon;
				CODE_SIGN_STYLE = Automatic;
				INFOPLIST_FILE = CoreDataSample/Info.plist;
				LD_RUNPATH_SEARCH_PATHS = (
					"$(inherited)",
					"@executable_path/Frameworks",
				);
				PRODUCT_BUNDLE_IDENTIFIER = com.Self.CoreDataSample;
				PRODUCT_NAME = "$(TARGET_NAME)";
				SWIFT_VERSION = 5.0;
				TARGETED_DEVICE_FAMILY = "1,2";
			};
			name = Debug;
		};
		6B7A9CF3234677B00025419B /* Release */ = {
			isa = XCBuildConfiguration;
			buildSettings = {
				ASSETCATALOG_COMPILER_APPICON_NAME = AppIcon;
				CODE_SIGN_STYLE = Automatic;
				INFOPLIST_FILE = CoreDataSample/Info.plist;
				LD_RUNPATH_SEARCH_PATHS = (
					"$(inherited)",
					"@executable_path/Frameworks",
				);
				PRODUCT_BUNDLE_IDENTIFIER = com.Self.CoreDataSample;
				PRODUCT_NAME = "$(TARGET_NAME)";
				SWIFT_VERSION = 5.0;
				TARGETED_DEVICE_FAMILY = "1,2";
			};
			name = Release;
		};
		6B7A9CF5234677B00025419B /* Debug */ = {
			isa = XCBuildConfiguration;
			buildSettings = {
				ALWAYS_EMBED_SWIFT_STANDARD_LIBRARIES = YES;
				BUNDLE_LOADER = "$(TEST_HOST)";
				CODE_SIGN_STYLE = Automatic;
				INFOPLIST_FILE = CoreDataSampleTests/Info.plist;
				IPHONEOS_DEPLOYMENT_TARGET = 13.0;
				LD_RUNPATH_SEARCH_PATHS = (
					"$(inherited)",
					"@executable_path/Frameworks",
					"@loader_path/Frameworks",
				);
				PRODUCT_BUNDLE_IDENTIFIER = com.Self.CoreDataSampleTests;
				PRODUCT_NAME = "$(TARGET_NAME)";
				SWIFT_VERSION = 5.0;
				TARGETED_DEVICE_FAMILY = "1,2";
				TEST_HOST = "$(BUILT_PRODUCTS_DIR)/CoreDataSample.app/CoreDataSample";
			};
			name = Debug;
		};
		6B7A9CF6234677B00025419B /* Release */ = {
			isa = XCBuildConfiguration;
			buildSettings = {
				ALWAYS_EMBED_SWIFT_STANDARD_LIBRARIES = YES;
				BUNDLE_LOADER = "$(TEST_HOST)";
				CODE_SIGN_STYLE = Automatic;
				INFOPLIST_FILE = CoreDataSampleTests/Info.plist;
				IPHONEOS_DEPLOYMENT_TARGET = 13.0;
				LD_RUNPATH_SEARCH_PATHS = (
					"$(inherited)",
					"@executable_path/Frameworks",
					"@loader_path/Frameworks",
				);
				PRODUCT_BUNDLE_IDENTIFIER = com.Self.CoreDataSampleTests;
				PRODUCT_NAME = "$(TARGET_NAME)";
				SWIFT_VERSION = 5.0;
				TARGETED_DEVICE_FAMILY = "1,2";
				TEST_HOST = "$(BUILT_PRODUCTS_DIR)/CoreDataSample.app/CoreDataSample";
			};
			name = Release;
		};
		6B7A9CF8234677B00025419B /* Debug */ = {
			isa = XCBuildConfiguration;
			buildSettings = {
				ALWAYS_EMBED_SWIFT_STANDARD_LIBRARIES = YES;
				CODE_SIGN_STYLE = Automatic;
				INFOPLIST_FILE = CoreDataSampleUITests/Info.plist;
				LD_RUNPATH_SEARCH_PATHS = (
					"$(inherited)",
					"@executable_path/Frameworks",
					"@loader_path/Frameworks",
				);
				PRODUCT_BUNDLE_IDENTIFIER = com.Self.CoreDataSampleUITests;
				PRODUCT_NAME = "$(TARGET_NAME)";
				SWIFT_VERSION = 5.0;
				TARGETED_DEVICE_FAMILY = "1,2";
				TEST_TARGET_NAME = CoreDataSample;
			};
			name = Debug;
		};
		6B7A9CF9234677B00025419B /* Release */ = {
			isa = XCBuildConfiguration;
			buildSettings = {
				ALWAYS_EMBED_SWIFT_STANDARD_LIBRARIES = YES;
				CODE_SIGN_STYLE = Automatic;
				INFOPLIST_FILE = CoreDataSampleUITests/Info.plist;
				LD_RUNPATH_SEARCH_PATHS = (
					"$(inherited)",
					"@executable_path/Frameworks",
					"@loader_path/Frameworks",
				);
				PRODUCT_BUNDLE_IDENTIFIER = com.Self.CoreDataSampleUITests;
				PRODUCT_NAME = "$(TARGET_NAME)";
				SWIFT_VERSION = 5.0;
				TARGETED_DEVICE_FAMILY = "1,2";
				TEST_TARGET_NAME = CoreDataSample;
			};
			name = Release;
		};
/* End XCBuildConfiguration section */

/* Begin XCConfigurationList section */
		6B7A9CBF234677AE0025419B /* Build configuration list for PBXProject "CoreDataSample" */ = {
			isa = XCConfigurationList;
			buildConfigurations = (
				6B7A9CEF234677B00025419B /* Debug */,
				6B7A9CF0234677B00025419B /* Release */,
			);
			defaultConfigurationIsVisible = 0;
			defaultConfigurationName = Release;
		};
		6B7A9CF1234677B00025419B /* Build configuration list for PBXNativeTarget "CoreDataSample" */ = {
			isa = XCConfigurationList;
			buildConfigurations = (
				6B7A9CF2234677B00025419B /* Debug */,
				6B7A9CF3234677B00025419B /* Release */,
			);
			defaultConfigurationIsVisible = 0;
			defaultConfigurationName = Release;
		};
		6B7A9CF4234677B00025419B /* Build configuration list for PBXNativeTarget "CoreDataSampleTests" */ = {
			isa = XCConfigurationList;
			buildConfigurations = (
				6B7A9CF5234677B00025419B /* Debug */,
				6B7A9CF6234677B00025419B /* Release */,
			);
			defaultConfigurationIsVisible = 0;
			defaultConfigurationName = Release;
		};
		6B7A9CF7234677B00025419B /* Build configuration list for PBXNativeTarget "CoreDataSampleUITests" */ = {
			isa = XCConfigurationList;
			buildConfigurations = (
				6B7A9CF8234677B00025419B /* Debug */,
				6B7A9CF9234677B00025419B /* Release */,
			);
			defaultConfigurationIsVisible = 0;
			defaultConfigurationName = Release;
		};
/* End XCConfigurationList section */

/* Begin XCVersionGroup section */
		6B7A9CD0234677AE0025419B /* CoreDataSample.xcdatamodeld */ = {
			isa = XCVersionGroup;
			children = (
				6B7A9CD1234677AE0025419B /* CoreDataSample.xcdatamodel */,
			);
			currentVersion = 6B7A9CD1234677AE0025419B /* CoreDataSample.xcdatamodel */;
			path = CoreDataSample.xcdatamodeld;
			sourceTree = "<group>";
			versionGroupType = wrapper.xcdatamodel;
		};
/* End XCVersionGroup section */
	};
	rootObject = 6B7A9CBC234677AE0025419B /* Project object */;
}
